
Microsoft Visual Studio Solution File, Format Version 12.00
Project("{FAE04EC0-301F-11D3-BF4B-00C04F79EFBC}") = "Bai1", "Bai1\Bai1.csproj", "{D3EEE9EF-ABDB-48D3-9A1C-CFD9DA77CE9B}"
EndProject
Project("{FAE04EC0-301F-11D3-BF4B-00C04F79EFBC}") = "Bai2", "Bai2\Bai2.csproj", "{308BBF92-0903-4E45-B2B6-F823A0EF7216}"
EndProject
Global
	GlobalSection(SolutionConfigurationPlatforms) = preSolution
		Debug|Any CPU = Debug|Any CPU
		Release|Any CPU = Release|Any CPU
	EndGlobalSection
	GlobalSection(ProjectConfigurationPlatforms) = postSolution
		{D3EEE9EF-ABDB-48D3-9A1C-CFD9DA77CE9B}.Debug|Any CPU.ActiveCfg = Debug|Any CPU
		{D3EEE9EF-ABDB-48D3-9A1C-CFD9DA77CE9B}.Debug|Any CPU.Build.0 = Debug|Any CPU
		{D3EEE9EF-ABDB-48D3-9A1C-CFD9DA77CE9B}.Release|Any CPU.ActiveCfg = Release|Any CPU
		{D3EEE9EF-ABDB-48D3-9A1C-CFD9DA77CE9B}.Release|Any CPU.Build.0 = Release|Any CPU
		{308BBF92-0903-4E45-B2B6-F823A0EF7216}.Debug|Any CPU.ActiveCfg = Debug|Any CPU
		{308BBF92-0903-4E45-B2B6-F823A0EF7216}.Debug|Any CPU.Build.0 = Debug|Any CPU
		{308BBF92-0903-4E45-B2B6-F823A0EF7216}.Release|Any CPU.ActiveCfg = Release|Any CPU
		{308BBF92-0903-4E45-B2B6-F823A0EF7216}.Release|Any CPU.Build.0 = Release|Any CPU
	EndGlobalSection
EndGlobal
